# THIS IS AN AUTOGENERATED FILE. DO NOT EDIT THIS FILE DIRECTLY.
# yarn lockfile v1


"@msgpack/msgpack@^2.7.0":
  version "2.7.0"
  resolved "https://registry.yarnpkg.com/@msgpack/msgpack/-/msgpack-2.7.0.tgz#3a0fbe4e0406f6576895f990857e19da97376f18"
  integrity sha512-mlRYq9FSsOd4m+3wZWatemn3hGFZPWNJ4JQOdrir4rrMK2PyIk26idKBoUWrqF3HJJHl+5GpRU+M0wEruJwecg==

node-fetch@^2.6.1:
  version "2.6.1"
  resolved "https://registry.yarnpkg.com/node-fetch/-/node-fetch-2.6.1.tgz#045bd323631f76ed2e2b55573394416b639a0052"
  integrity sha512-V4aYg89jEoVRxRb2fJdAg8FHvI7cEyYdVAh94HH0UIK8oJxUfkjlDQN9RbMx+bEjP7+ggMiFRprSti032Oipxw==
